// !$*UTF8*$!
{
	archiveVersion = 1;
	classes = {
	};
	objectVersion = 51;
	objects = {

/* Begin PBXBuildFile section */
		9CC1E864E6BB142814B0FD4C /* Pods_Estudos_ObjetiveC.framework in Frameworks */ = {isa = PBXBuildFile; fileRef = 972E04EA71B0D25A6A95D539 /* Pods_Estudos_ObjetiveC.framework */; };
		AC481E2926603CC400B6E1DC /* AdSupport.framework in Frameworks */ = {isa = PBXBuildFile; fileRef = AC481E2826603CC400B6E1DC /* AdSupport.framework */; };
		AC5113A92663EB160083E0B6 /* ContatoTableViewCell.m in Sources */ = {isa = PBXBuildFile; fileRef = AC5113A82663EB160083E0B6 /* ContatoTableViewCell.m */; };
		AC5C61C6266034330001E800 /* AppDelegate.m in Sources */ = {isa = PBXBuildFile; fileRef = AC5C61C5266034330001E800 /* AppDelegate.m */; };
		AC5C61C9266034330001E800 /* SceneDelegate.m in Sources */ = {isa = PBXBuildFile; fileRef = AC5C61C8266034330001E800 /* SceneDelegate.m */; };
		AC5C61CC266034330001E800 /* FormularioViewController.m in Sources */ = {isa = PBXBuildFile; fileRef = AC5C61CB266034330001E800 /* FormularioViewController.m */; };
		AC5C61CF266034330001E800 /* Main.storyboard in Resources */ = {isa = PBXBuildFile; fileRef = AC5C61CD266034330001E800 /* Main.storyboard */; };
		AC5C61D2266034330001E800 /* Estudos_ObjetiveC.xcdatamodeld in Sources */ = {isa = PBXBuildFile; fileRef = AC5C61D0266034330001E800 /* Estudos_ObjetiveC.xcdatamodeld */; };
		AC5C61D4266034340001E800 /* Assets.xcassets in Resources */ = {isa = PBXBuildFile; fileRef = AC5C61D3266034340001E800 /* Assets.xcassets */; };
		AC5C61D7266034340001E800 /* LaunchScreen.storyboard in Resources */ = {isa = PBXBuildFile; fileRef = AC5C61D5266034340001E800 /* LaunchScreen.storyboard */; };
		AC5C61DA266034340001E800 /* main.m in Sources */ = {isa = PBXBuildFile; fileRef = AC5C61D9266034340001E800 /* main.m */; };
		AC5C61E12660350E0001E800 /* GoogleService-Info.plist in Resources */ = {isa = PBXBuildFile; fileRef = AC5C61E02660350E0001E800 /* GoogleService-Info.plist */; };
		AC6CB05926615214008C6363 /* Contato.m in Sources */ = {isa = PBXBuildFile; fileRef = AC6CB05826615214008C6363 /* Contato.m */; };
		AC8A51C92661729000808B25 /* ListaTableViewController.m in Sources */ = {isa = PBXBuildFile; fileRef = AC8A51C82661729000808B25 /* ListaTableViewController.m */; };
/* End PBXBuildFile section */

/* Begin PBXFileReference section */
		972E04EA71B0D25A6A95D539 /* Pods_Estudos_ObjetiveC.framework */ = {isa = PBXFileReference; explicitFileType = wrapper.framework; includeInIndex = 0; path = Pods_Estudos_ObjetiveC.framework; sourceTree = BUILT_PRODUCTS_DIR; };
		AC481E2826603CC400B6E1DC /* AdSupport.framework */ = {isa = PBXFileReference; lastKnownFileType = wrapper.framework; name = AdSupport.framework; path = System/Library/Frameworks/AdSupport.framework; sourceTree = SDKROOT; };
		AC5113A72663EB160083E0B6 /* ContatoTableViewCell.h */ = {isa = PBXFileReference; lastKnownFileType = sourcecode.c.h; path = ContatoTableViewCell.h; sourceTree = "<group>"; };
		AC5113A82663EB160083E0B6 /* ContatoTableViewCell.m */ = {isa = PBXFileReference; lastKnownFileType = sourcecode.c.objc; path = ContatoTableViewCell.m; sourceTree = "<group>"; };
		AC5C61C1266034330001E800 /* Estudos ObjetiveC.app */ = {isa = PBXFileReference; explicitFileType = wrapper.application; includeInIndex = 0; path = "Estudos ObjetiveC.app"; sourceTree = BUILT_PRODUCTS_DIR; };
		AC5C61C4266034330001E800 /* AppDelegate.h */ = {isa = PBXFileReference; lastKnownFileType = sourcecode.c.h; path = AppDelegate.h; sourceTree = "<group>"; };
		AC5C61C5266034330001E800 /* AppDelegate.m */ = {isa = PBXFileReference; lastKnownFileType = sourcecode.c.objc; path = AppDelegate.m; sourceTree = "<group>"; };
		AC5C61C7266034330001E800 /* SceneDelegate.h */ = {isa = PBXFileReference; lastKnownFileType = sourcecode.c.h; path = SceneDelegate.h; sourceTree = "<group>"; };
		AC5C61C8266034330001E800 /* SceneDelegate.m */ = {isa = PBXFileReference; lastKnownFileType = sourcecode.c.objc; path = SceneDelegate.m; sourceTree = "<group>"; };
		AC5C61CA266034330001E800 /* FormularioViewController.h */ = {isa = PBXFileReference; lastKnownFileType = sourcecode.c.h; path = FormularioViewController.h; sourceTree = "<group>"; };
		AC5C61CB266034330001E800 /* FormularioViewController.m */ = {isa = PBXFileReference; lastKnownFileType = sourcecode.c.objc; path = FormularioViewController.m; sourceTree = "<group>"; };
		AC5C61CE266034330001E800 /* Base */ = {isa = PBXFileReference; lastKnownFileType = file.storyboard; name = Base; path = Base.lproj/Main.storyboard; sourceTree = "<group>"; };
		AC5C61D1266034330001E800 /* Estudos_ObjetiveC.xcdatamodel */ = {isa = PBXFileReference; lastKnownFileType = wrapper.xcdatamodel; path = Estudos_ObjetiveC.xcdatamodel; sourceTree = "<group>"; };
		AC5C61D3266034340001E800 /* Assets.xcassets */ = {isa = PBXFileReference; lastKnownFileType = folder.assetcatalog; path = Assets.xcassets; sourceTree = "<group>"; };
		AC5C61D6266034340001E800 /* Base */ = {isa = PBXFileReference; lastKnownFileType = file.storyboard; name = Base; path = Base.lproj/LaunchScreen.storyboard; sourceTree = "<group>"; };
		AC5C61D8266034340001E800 /* Info.plist */ = {isa = PBXFileReference; lastKnownFileType = text.plist.xml; path = Info.plist; sourceTree = "<group>"; };
		AC5C61D9266034340001E800 /* main.m */ = {isa = PBXFileReference; lastKnownFileType = sourcecode.c.objc; path = main.m; sourceTree = "<group>"; };
		AC5C61E02660350E0001E800 /* GoogleService-Info.plist */ = {isa = PBXFileReference; fileEncoding = 4; lastKnownFileType = text.plist.xml; path = "GoogleService-Info.plist"; sourceTree = "<group>"; };
		AC6CB05726615214008C6363 /* Contato.h */ = {isa = PBXFileReference; lastKnownFileType = sourcecode.c.h; path = Contato.h; sourceTree = "<group>"; };
		AC6CB05826615214008C6363 /* Contato.m */ = {isa = PBXFileReference; lastKnownFileType = sourcecode.c.objc; path = Contato.m; sourceTree = "<group>"; };
		AC8A51C72661729000808B25 /* ListaTableViewController.h */ = {isa = PBXFileReference; lastKnownFileType = sourcecode.c.h; path = ListaTableViewController.h; sourceTree = "<group>"; };
		AC8A51C82661729000808B25 /* ListaTableViewController.m */ = {isa = PBXFileReference; lastKnownFileType = sourcecode.c.objc; path = ListaTableViewController.m; sourceTree = "<group>"; };
		BBC723A9194FA1A8799B0311 /* Pods-Estudos ObjetiveC.debug.xcconfig */ = {isa = PBXFileReference; includeInIndex = 1; lastKnownFileType = text.xcconfig; name = "Pods-Estudos ObjetiveC.debug.xcconfig"; path = "Target Support Files/Pods-Estudos ObjetiveC/Pods-Estudos ObjetiveC.debug.xcconfig"; sourceTree = "<group>"; };
		E70A4D8CDEBDC7ABC514F0A1 /* Pods-Estudos ObjetiveC.release.xcconfig */ = {isa = PBXFileReference; includeInIndex = 1; lastKnownFileType = text.xcconfig; name = "Pods-Estudos ObjetiveC.release.xcconfig"; path = "Target Support Files/Pods-Estudos ObjetiveC/Pods-Estudos ObjetiveC.release.xcconfig"; sourceTree = "<group>"; };
/* End PBXFileReference section */

/* Begin PBXFrameworksBuildPhase section */
		AC5C61BE266034330001E800 /* Frameworks */ = {
			isa = PBXFrameworksBuildPhase;
			buildActionMask = 2147483647;
			files = (
				9CC1E864E6BB142814B0FD4C /* Pods_Estudos_ObjetiveC.framework in Frameworks */,
				AC481E2926603CC400B6E1DC /* AdSupport.framework in Frameworks */,
			);
			runOnlyForDeploymentPostprocessing = 0;
		};
/* End PBXFrameworksBuildPhase section */

/* Begin PBXGroup section */
		AC5C61B8266034330001E800 = {
			isa = PBXGroup;
			children = (
				AC5C61C3266034330001E800 /* Estudos ObjetiveC */,
				AC5C61C2266034330001E800 /* Products */,
				B788EB0B0395A5BF862406FA /* Pods */,
				D78DEF63B2A846523E0C961F /* Frameworks */,
			);
			sourceTree = "<group>";
		};
		AC5C61C2266034330001E800 /* Products */ = {
			isa = PBXGroup;
			children = (
				AC5C61C1266034330001E800 /* Estudos ObjetiveC.app */,
			);
			name = Products;
			sourceTree = "<group>";
		};
		AC5C61C3266034330001E800 /* Estudos ObjetiveC */ = {
			isa = PBXGroup;
			children = (
				AC6CB05C26615247008C6363 /* Config */,
				AC6CB05A2661521B008C6363 /* Model */,
				AC6CB05D2661526D008C6363 /* View */,
				AC6CB05B26615227008C6363 /* Controller */,
				AC5C61D8266034340001E800 /* Info.plist */,
				AC5C61E02660350E0001E800 /* GoogleService-Info.plist */,
				AC5C61D9266034340001E800 /* main.m */,
				AC5C61D0266034330001E800 /* Estudos_ObjetiveC.xcdatamodeld */,
			);
			path = "Estudos ObjetiveC";
			sourceTree = "<group>";
		};
		AC6CB05A2661521B008C6363 /* Model */ = {
			isa = PBXGroup;
			children = (
				AC6CB05726615214008C6363 /* Contato.h */,
				AC6CB05826615214008C6363 /* Contato.m */,
			);
			path = Model;
			sourceTree = "<group>";
		};
		AC6CB05B26615227008C6363 /* Controller */ = {
			isa = PBXGroup;
			children = (
				AC8A51C72661729000808B25 /* ListaTableViewController.h */,
				AC8A51C82661729000808B25 /* ListaTableViewController.m */,
				AC5113A72663EB160083E0B6 /* ContatoTableViewCell.h */,
				AC5113A82663EB160083E0B6 /* ContatoTableViewCell.m */,
				AC5C61CA266034330001E800 /* FormularioViewController.h */,
				AC5C61CB266034330001E800 /* FormularioViewController.m */,
			);
			path = Controller;
			sourceTree = "<group>";
		};
		AC6CB05C26615247008C6363 /* Config */ = {
			isa = PBXGroup;
			children = (
				AC5C61C4266034330001E800 /* AppDelegate.h */,
				AC5C61C5266034330001E800 /* AppDelegate.m */,
				AC5C61C7266034330001E800 /* SceneDelegate.h */,
				AC5C61C8266034330001E800 /* SceneDelegate.m */,
			);
			path = Config;
			sourceTree = "<group>";
		};
		AC6CB05D2661526D008C6363 /* View */ = {
			isa = PBXGroup;
			children = (
				AC5C61CD266034330001E800 /* Main.storyboard */,
				AC5C61D5266034340001E800 /* LaunchScreen.storyboard */,
				AC5C61D3266034340001E800 /* Assets.xcassets */,
			);
			path = View;
			sourceTree = "<group>";
		};
		B788EB0B0395A5BF862406FA /* Pods */ = {
			isa = PBXGroup;
			children = (
				BBC723A9194FA1A8799B0311 /* Pods-Estudos ObjetiveC.debug.xcconfig */,
				E70A4D8CDEBDC7ABC514F0A1 /* Pods-Estudos ObjetiveC.release.xcconfig */,
			);
			path = Pods;
			sourceTree = "<group>";
		};
		D78DEF63B2A846523E0C961F /* Frameworks */ = {
			isa = PBXGroup;
			children = (
				AC481E2826603CC400B6E1DC /* AdSupport.framework */,
				972E04EA71B0D25A6A95D539 /* Pods_Estudos_ObjetiveC.framework */,
			);
			name = Frameworks;
			sourceTree = "<group>";
		};
/* End PBXGroup section */

/* Begin PBXNativeTarget section */
		AC5C61C0266034330001E800 /* Estudos ObjetiveC */ = {
			isa = PBXNativeTarget;
			buildConfigurationList = AC5C61DD266034340001E800 /* Build configuration list for PBXNativeTarget "Estudos ObjetiveC" */;
			buildPhases = (
				F7C7B5CCEE7470D9104E9C4D /* [CP] Check Pods Manifest.lock */,
				AC5C61BD266034330001E800 /* Sources */,
				AC5C61BE266034330001E800 /* Frameworks */,
				AC5C61BF266034330001E800 /* Resources */,
				CF79466E7298B5261F406FCE /* [CP] Embed Pods Frameworks */,
			);
			buildRules = (
			);
			dependencies = (
			);
			name = "Estudos ObjetiveC";
			productName = "Estudos ObjetiveC";
			productReference = AC5C61C1266034330001E800 /* Estudos ObjetiveC.app */;
			productType = "com.apple.product-type.application";
		};
/* End PBXNativeTarget section */

/* Begin PBXProject section */
		AC5C61B9266034330001E800 /* Project object */ = {
			isa = PBXProject;
			attributes = {
				LastUpgradeCheck = 1250;
				TargetAttributes = {
					AC5C61C0266034330001E800 = {
						CreatedOnToolsVersion = 12.5;
					};
				};
			};
			buildConfigurationList = AC5C61BC266034330001E800 /* Build configuration list for PBXProject "Estudos ObjetiveC" */;
			compatibilityVersion = "Xcode 9.3";
			developmentRegion = en;
			hasScannedForEncodings = 0;
			knownRegions = (
				en,
				Base,
			);
			mainGroup = AC5C61B8266034330001E800;
			productRefGroup = AC5C61C2266034330001E800 /* Products */;
			projectDirPath = "";
			projectRoot = "";
			targets = (
				AC5C61C0266034330001E800 /* Estudos ObjetiveC */,
			);
		};
/* End PBXProject section */

/* Begin PBXResourcesBuildPhase section */
		AC5C61BF266034330001E800 /* Resources */ = {
			isa = PBXResourcesBuildPhase;
			buildActionMask = 2147483647;
			files = (
				AC5C61D7266034340001E800 /* LaunchScreen.storyboard in Resources */,
				AC5C61E12660350E0001E800 /* GoogleService-Info.plist in Resources */,
				AC5C61D4266034340001E800 /* Assets.xcassets in Resources */,
				AC5C61CF266034330001E800 /* Main.storyboard in Resources */,
			);
			runOnlyForDeploymentPostprocessing = 0;
		};
/* End PBXResourcesBuildPhase section */

/* Begin PBXShellScriptBuildPhase section */
		CF79466E7298B5261F406FCE /* [CP] Embed Pods Frameworks */ = {
			isa = PBXShellScriptBuildPhase;
			buildActionMask = 2147483647;
			files = (
			);
			inputFileListPaths = (
				"${PODS_ROOT}/Target Support Files/Pods-Estudos ObjetiveC/Pods-Estudos ObjetiveC-frameworks-${CONFIGURATION}-input-files.xcfilelist",
			);
			name = "[CP] Embed Pods Frameworks";
			outputFileListPaths = (
				"${PODS_ROOT}/Target Support Files/Pods-Estudos ObjetiveC/Pods-Estudos ObjetiveC-frameworks-${CONFIGURATION}-output-files.xcfilelist",
			);
			runOnlyForDeploymentPostprocessing = 0;
			shellPath = /bin/sh;
			shellScript = "\"${PODS_ROOT}/Target Support Files/Pods-Estudos ObjetiveC/Pods-Estudos ObjetiveC-frameworks.sh\"\n";
			showEnvVarsInLog = 0;
		};
		F7C7B5CCEE7470D9104E9C4D /* [CP] Check Pods Manifest.lock */ = {
			isa = PBXShellScriptBuildPhase;
			buildActionMask = 2147483647;
			files = (
			);
			inputFileListPaths = (
			);
			inputPaths = (
				"${PODS_PODFILE_DIR_PATH}/Podfile.lock",
				"${PODS_ROOT}/Manifest.lock",
			);
			name = "[CP] Check Pods Manifest.lock";
			outputFileListPaths = (
			);
			outputPaths = (
				"$(DERIVED_FILE_DIR)/Pods-Estudos ObjetiveC-checkManifestLockResult.txt",
			);
			runOnlyForDeploymentPostprocessing = 0;
			shellPath = /bin/sh;
			shellScript = "diff \"${PODS_PODFILE_DIR_PATH}/Podfile.lock\" \"${PODS_ROOT}/Manifest.lock\" > /dev/null\nif [ $? != 0 ] ; then\n    # print error to STDERR\n    echo \"error: The sandbox is not in sync with the Podfile.lock. Run 'pod install' or update your CocoaPods installation.\" >&2\n    exit 1\nfi\n# This output is used by Xcode 'outputs' to avoid re-running this script phase.\necho \"SUCCESS\" > \"${SCRIPT_OUTPUT_FILE_0}\"\n";
			showEnvVarsInLog = 0;
		};
/* End PBXShellScriptBuildPhase section */

/* Begin PBXSourcesBuildPhase section */
		AC5C61BD266034330001E800 /* Sources */ = {
			isa = PBXSourcesBuildPhase;
			buildActionMask = 2147483647;
			files = (
				AC5C61DA266034340001E800 /* main.m in Sources */,
				AC5C61CC266034330001E800 /* FormularioViewController.m in Sources */,
				AC5C61C6266034330001E800 /* AppDelegate.m in Sources */,
				AC8A51C92661729000808B25 /* ListaTableViewController.m in Sources */,
				AC5113A92663EB160083E0B6 /* ContatoTableViewCell.m in Sources */,
				AC5C61C9266034330001E800 /* SceneDelegate.m in Sources */,
				AC6CB05926615214008C6363 /* Contato.m in Sources */,
				AC5C61D2266034330001E800 /* Estudos_ObjetiveC.xcdatamodeld in Sources */,
			);
			runOnlyForDeploymentPostprocessing = 0;
		};
/* End PBXSourcesBuildPhase section */

/* Begin PBXVariantGroup section */
		AC5C61CD266034330001E800 /* Main.storyboard */ = {
			isa = PBXVariantGroup;
			children = (
				AC5C61CE266034330001E800 /* Base */,
			);
			name = Main.storyboard;
			sourceTree = "<group>";
		};
		AC5C61D5266034340001E800 /* LaunchScreen.storyboard */ = {
			isa = PBXVariantGroup;
			children = (
				AC5C61D6266034340001E800 /* Base */,
			);
			name = LaunchScreen.storyboard;
			sourceTree = "<group>";
		};
/* End PBXVariantGroup section */

/* Begin XCBuildConfiguration section */
		AC5C61DB266034340001E800 /* Debug */ = {
			isa = XCBuildConfiguration;
			buildSettings = {
				ALWAYS_SEARCH_USER_PATHS = NO;
				CLANG_ANALYZER_NONNULL = YES;
				CLANG_ANALYZER_NUMBER_OBJECT_CONVERSION = YES_AGGRESSIVE;
				CLANG_CXX_LANGUAGE_STANDARD = "gnu++14";
				CLANG_CXX_LIBRARY = "libc++";
				CLANG_ENABLE_MODULES = YES;
				CLANG_ENABLE_OBJC_ARC = YES;
				CLANG_ENABLE_OBJC_WEAK = YES;
				CLANG_WARN_BLOCK_CAPTURE_AUTORELEASING = YES;
				CLANG_WARN_BOOL_CONVERSION = YES;
				CLANG_WARN_COMMA = YES;
				CLANG_WARN_CONSTANT_CONVERSION = YES;
				CLANG_WARN_DEPRECATED_OBJC_IMPLEMENTATIONS = YES;
				CLANG_WARN_DIRECT_OBJC_ISA_USAGE = YES_ERROR;
				CLANG_WARN_DOCUMENTATION_COMMENTS = YES;
				CLANG_WARN_EMPTY_BODY = YES;
				CLANG_WARN_ENUM_CONVERSION = YES;
				CLANG_WARN_INFINITE_RECURSION = YES;
				CLANG_WARN_INT_CONVERSION = YES;
				CLANG_WARN_NON_LITERAL_NULL_CONVERSION = YES;
				CLANG_WARN_OBJC_IMPLICIT_RETAIN_SELF = YES;
				CLANG_WARN_OBJC_LITERAL_CONVERSION = YES;
				CLANG_WARN_OBJC_ROOT_CLASS = YES_ERROR;
				CLANG_WARN_QUOTED_INCLUDE_IN_FRAMEWORK_HEADER = YES;
				CLANG_WARN_RANGE_LOOP_ANALYSIS = YES;
				CLANG_WARN_STRICT_PROTOTYPES = YES;
				CLANG_WARN_SUSPICIOUS_MOVE = YES;
				CLANG_WARN_UNGUARDED_AVAILABILITY = YES_AGGRESSIVE;
				CLANG_WARN_UNREACHABLE_CODE = YES;
				CLANG_WARN__DUPLICATE_METHOD_MATCH = YES;
				COPY_PHASE_STRIP = NO;
				DEBUG_INFORMATION_FORMAT = dwarf;
				ENABLE_STRICT_OBJC_MSGSEND = YES;
				ENABLE_TESTABILITY = YES;
				GCC_C_LANGUAGE_STANDARD = gnu11;
				GCC_DYNAMIC_NO_PIC = NO;
				GCC_NO_COMMON_BLOCKS = YES;
				GCC_OPTIMIZATION_LEVEL = 0;
				GCC_PREPROCESSOR_DEFINITIONS = (
					"DEBUG=1",
					"$(inherited)",
				);
				GCC_WARN_64_TO_32_BIT_CONVERSION = YES;
				GCC_WARN_ABOUT_RETURN_TYPE = YES_ERROR;
				GCC_WARN_UNDECLARED_SELECTOR = YES;
				GCC_WARN_UNINITIALIZED_AUTOS = YES_AGGRESSIVE;
				GCC_WARN_UNUSED_FUNCTION = YES;
				GCC_WARN_UNUSED_VARIABLE = YES;
				IPHONEOS_DEPLOYMENT_TARGET = 14.5;
				MTL_ENABLE_DEBUG_INFO = INCLUDE_SOURCE;
				MTL_FAST_MATH = YES;
				ONLY_ACTIVE_ARCH = YES;
				SDKROOT = iphoneos;
			};
			name = Debug;
		};
		AC5C61DC266034340001E800 /* Release */ = {
			isa = XCBuildConfiguration;
			buildSettings = {
				ALWAYS_SEARCH_USER_PATHS = NO;
				CLANG_ANALYZER_NONNULL = YES;
				CLANG_ANALYZER_NUMBER_OBJECT_CONVERSION = YES_AGGRESSIVE;
				CLANG_CXX_LANGUAGE_STANDARD = "gnu++14";
				CLANG_CXX_LIBRARY = "libc++";
				CLANG_ENABLE_MODULES = YES;
				CLANG_ENABLE_OBJC_ARC = YES;
				CLANG_ENABLE_OBJC_WEAK = YES;
				CLANG_WARN_BLOCK_CAPTURE_AUTORELEASING = YES;
				CLANG_WARN_BOOL_CONVERSION = YES;
				CLANG_WARN_COMMA = YES;
				CLANG_WARN_CONSTANT_CONVERSION = YES;
				CLANG_WARN_DEPRECATED_OBJC_IMPLEMENTATIONS = YES;
				CLANG_WARN_DIRECT_OBJC_ISA_USAGE = YES_ERROR;
				CLANG_WARN_DOCUMENTATION_COMMENTS = YES;
				CLANG_WARN_EMPTY_BODY = YES;
				CLANG_WARN_ENUM_CONVERSION = YES;
				CLANG_WARN_INFINITE_RECURSION = YES;
				CLANG_WARN_INT_CONVERSION = YES;
				CLANG_WARN_NON_LITERAL_NULL_CONVERSION = YES;
				CLANG_WARN_OBJC_IMPLICIT_RETAIN_SELF = YES;
				CLANG_WARN_OBJC_LITERAL_CONVERSION = YES;
				CLANG_WARN_OBJC_ROOT_CLASS = YES_ERROR;
				CLANG_WARN_QUOTED_INCLUDE_IN_FRAMEWORK_HEADER = YES;
				CLANG_WARN_RANGE_LOOP_ANALYSIS = YES;
				CLANG_WARN_STRICT_PROTOTYPES = YES;
				CLANG_WARN_SUSPICIOUS_MOVE = YES;
				CLANG_WARN_UNGUARDED_AVAILABILITY = YES_AGGRESSIVE;
				CLANG_WARN_UNREACHABLE_CODE = YES;
				CLANG_WARN__DUPLICATE_METHOD_MATCH = YES;
				COPY_PHASE_STRIP = NO;
				DEBUG_INFORMATION_FORMAT = "dwarf-with-dsym";
				ENABLE_NS_ASSERTIONS = NO;
				ENABLE_STRICT_OBJC_MSGSEND = YES;
				GCC_C_LANGUAGE_STANDARD = gnu11;
				GCC_NO_COMMON_BLOCKS = YES;
				GCC_WARN_64_TO_32_BIT_CONVERSION = YES;
				GCC_WARN_ABOUT_RETURN_TYPE = YES_ERROR;
				GCC_WARN_UNDECLARED_SELECTOR = YES;
				GCC_WARN_UNINITIALIZED_AUTOS = YES_AGGRESSIVE;
				GCC_WARN_UNUSED_FUNCTION = YES;
				GCC_WARN_UNUSED_VARIABLE = YES;
				IPHONEOS_DEPLOYMENT_TARGET = 14.5;
				MTL_ENABLE_DEBUG_INFO = NO;
				MTL_FAST_MATH = YES;
				SDKROOT = iphoneos;
				VALIDATE_PRODUCT = YES;
			};
			name = Release;
		};
		AC5C61DE266034340001E800 /* Debug */ = {
			isa = XCBuildConfiguration;
			baseConfigurationReference = BBC723A9194FA1A8799B0311 /* Pods-Estudos ObjetiveC.debug.xcconfig */;
			buildSettings = {
				ASSETCATALOG_COMPILER_APPICON_NAME = AppIcon;
				ASSETCATALOG_COMPILER_GLOBAL_ACCENT_COLOR_NAME = AccentColor;
				CODE_SIGN_STYLE = Automatic;
				DEVELOPMENT_TEAM = 9SAH7798E4;
				INFOPLIST_FILE = "Estudos ObjetiveC/Info.plist";
				LD_RUNPATH_SEARCH_PATHS = (
					"$(inherited)",
					"@executable_path/Frameworks",
				);
				PRODUCT_BUNDLE_IDENTIFIER = "com.robaert.alexandre.Estudos-ObjetiveC";
				PRODUCT_NAME = "$(TARGET_NAME)";
				TARGETED_DEVICE_FAMILY = "1,2";
			};
			name = Debug;
		};
		AC5C61DF266034340001E800 /* Release */ = {
			isa = XCBuildConfiguration;
			baseConfigurationReference = E70A4D8CDEBDC7ABC514F0A1 /* Pods-Estudos ObjetiveC.release.xcconfig */;
			buildSettings = {
				ASSETCATALOG_COMPILER_APPICON_NAME = AppIcon;
				ASSETCATALOG_COMPILER_GLOBAL_ACCENT_COLOR_NAME = AccentColor;
				CODE_SIGN_STYLE = Automatic;
				DEVELOPMENT_TEAM = 9SAH7798E4;
				INFOPLIST_FILE = "Estudos ObjetiveC/Info.plist";
				LD_RUNPATH_SEARCH_PATHS = (
					"$(inherited)",
					"@executable_path/Frameworks",
				);
				PRODUCT_BUNDLE_IDENTIFIER = "com.robaert.alexandre.Estudos-ObjetiveC";
				PRODUCT_NAME = "$(TARGET_NAME)";
				TARGETED_DEVICE_FAMILY = "1,2";
			};
			name = Release;
		};
/* End XCBuildConfiguration section */

/* Begin XCConfigurationList section */
		AC5C61BC266034330001E800 /* Build configuration list for PBXProject "Estudos ObjetiveC" */ = {
			isa = XCConfigurationList;
			buildConfigurations = (
				AC5C61DB266034340001E800 /* Debug */,
				AC5C61DC266034340001E800 /* Release */,
			);
			defaultConfigurationIsVisible = 0;
			defaultConfigurationName = Release;
		};
		AC5C61DD266034340001E800 /* Build configuration list for PBXNativeTarget "Estudos ObjetiveC" */ = {
			isa = XCConfigurationList;
			buildConfigurations = (
				AC5C61DE266034340001E800 /* Debug */,
				AC5C61DF266034340001E800 /* Release */,
			);
			defaultConfigurationIsVisible = 0;
			defaultConfigurationName = Release;
		};
/* End XCConfigurationList section */

/* Begin XCVersionGroup section */
		AC5C61D0266034330001E800 /* Estudos_ObjetiveC.xcdatamodeld */ = {
			isa = XCVersionGroup;
			children = (
				AC5C61D1266034330001E800 /* Estudos_ObjetiveC.xcdatamodel */,
			);
			currentVersion = AC5C61D1266034330001E800 /* Estudos_ObjetiveC.xcdatamodel */;
			path = Estudos_ObjetiveC.xcdatamodeld;
			sourceTree = "<group>";
			versionGroupType = wrapper.xcdatamodel;
		};
/* End XCVersionGroup section */
	};
	rootObject = AC5C61B9266034330001E800 /* Project object */;
}
